
Microsoft Visual Studio Solution File, Format Version 12.00
# Visual Studio Version 16
VisualStudioVersion = 16.0.30804.86
MinimumVisualStudioVersion = 10.0.40219.1
Project("{FAE04EC0-301F-11D3-BF4B-00C04F79EFBC}") = "Software tool for a logistics company", "Software tool for a logistics company.csproj", "{68F83059-7ADD-4CAF-B493-739E1769862D}"
EndProject
Global
	GlobalSection(SolutionConfigurationPlatforms) = preSolution
		Debug|Any CPU = Debug|Any CPU
		Release|Any CPU = Release|Any CPU
	EndGlobalSection
	GlobalSection(ProjectConfigurationPlatforms) = postSolution
		{68F83059-7ADD-4CAF-B493-739E1769862D}.Debug|Any CPU.ActiveCfg = Debug|Any CPU
		{68F83059-7ADD-4CAF-B493-739E1769862D}.Debug|Any CPU.Build.0 = Debug|Any CPU
		{68F83059-7ADD-4CAF-B493-739E1769862D}.Release|Any CPU.ActiveCfg = Release|Any CPU
		{68F83059-7ADD-4CAF-B493-739E1769862D}.Release|Any CPU.Build.0 = Release|Any CPU
	EndGlobalSection
	GlobalSection(SolutionProperties) = preSolution
		HideSolutionNode = FALSE
	EndGlobalSection
	GlobalSection(ExtensibilityGlobals) = postSolution
		SolutionGuid = {9B71670A-50E4-4C88-B4E5-448E7F0BADBA}
	EndGlobalSection
EndGlobal
